
Microsoft Visual Studio Solution File, Format Version 12.00
# Visual Studio 15
VisualStudioVersion = 15.0.28307.779
MinimumVisualStudioVersion = 10.0.40219.1
Project("{00D1A9C2-B5F0-4AF3-8072-F6C62B433612}") = "JLL.DVDCentral.DB", "JLL.DVDCentral.DB\JLL.DVDCentral.DB.sqlproj", "{8C24C901-691B-4DE0-AE3C-C103AAE32C79}"
EndProject
Project("{FAE04EC0-301F-11D3-BF4B-00C04F79EFBC}") = "JLL.DVDCentral.PL", "JLL.DVDCentral.PL\JLL.DVDCentral.PL.csproj", "{B5471EB2-7ABE-45A3-A45B-6D26439B9FA9}"
EndProject
Project("{FAE04EC0-301F-11D3-BF4B-00C04F79EFBC}") = "JLL.DVDCentral.PL.Test", "JLL.DVDCentral.PL.Test\JLL.DVDCentral.PL.Test.csproj", "{E4D3C187-700E-4C5F-9F4C-707193998624}"
EndProject
Project("{FAE04EC0-301F-11D3-BF4B-00C04F79EFBC}") = "JLL.DVDCentral.BL", "JLL.DVDCentral.BL\JLL.DVDCentral.BL.csproj", "{298FA799-B730-4A5B-B0D3-B6193D5E6166}"
EndProject
Project("{FAE04EC0-301F-11D3-BF4B-00C04F79EFBC}") = "JLL.DVDCentral.BL.Models", "JLL.DVDCentral.BL.Models\JLL.DVDCentral.BL.Models.csproj", "{552E8A26-5D71-4813-8538-A8D4FC543464}"
EndProject
Project("{FAE04EC0-301F-11D3-BF4B-00C04F79EFBC}") = "JLL.DVDCentral.BL.Test", "JLL.DVDCentral.BL.Test\JLL.DVDCentral.BL.Test.csproj", "{BAB369C5-424A-4CEC-ACBB-9BB8E2D4FE4A}"
EndProject
Project("{FAE04EC0-301F-11D3-BF4B-00C04F79EFBC}") = "DVDCentral.UI.WebForm", "DVDCentral.UI.WebForm\DVDCentral.UI.WebForm.csproj", "{B2F423D1-FD46-4D48-B913-F48017DA9D83}"
EndProject
Global
	GlobalSection(SolutionConfigurationPlatforms) = preSolution
		Debug|Any CPU = Debug|Any CPU
		Release|Any CPU = Release|Any CPU
	EndGlobalSection
	GlobalSection(ProjectConfigurationPlatforms) = postSolution
		{8C24C901-691B-4DE0-AE3C-C103AAE32C79}.Debug|Any CPU.ActiveCfg = Debug|Any CPU
		{8C24C901-691B-4DE0-AE3C-C103AAE32C79}.Debug|Any CPU.Build.0 = Debug|Any CPU
		{8C24C901-691B-4DE0-AE3C-C103AAE32C79}.Debug|Any CPU.Deploy.0 = Debug|Any CPU
		{8C24C901-691B-4DE0-AE3C-C103AAE32C79}.Release|Any CPU.ActiveCfg = Release|Any CPU
		{8C24C901-691B-4DE0-AE3C-C103AAE32C79}.Release|Any CPU.Build.0 = Release|Any CPU
		{8C24C901-691B-4DE0-AE3C-C103AAE32C79}.Release|Any CPU.Deploy.0 = Release|Any CPU
		{B5471EB2-7ABE-45A3-A45B-6D26439B9FA9}.Debug|Any CPU.ActiveCfg = Debug|Any CPU
		{B5471EB2-7ABE-45A3-A45B-6D26439B9FA9}.Debug|Any CPU.Build.0 = Debug|Any CPU
		{B5471EB2-7ABE-45A3-A45B-6D26439B9FA9}.Release|Any CPU.ActiveCfg = Release|Any CPU
		{B5471EB2-7ABE-45A3-A45B-6D26439B9FA9}.Release|Any CPU.Build.0 = Release|Any CPU
		{E4D3C187-700E-4C5F-9F4C-707193998624}.Debug|Any CPU.ActiveCfg = Debug|Any CPU
		{E4D3C187-700E-4C5F-9F4C-707193998624}.Debug|Any CPU.Build.0 = Debug|Any CPU
		{E4D3C187-700E-4C5F-9F4C-707193998624}.Release|Any CPU.ActiveCfg = Release|Any CPU
		{E4D3C187-700E-4C5F-9F4C-707193998624}.Release|Any CPU.Build.0 = Release|Any CPU
		{298FA799-B730-4A5B-B0D3-B6193D5E6166}.Debug|Any CPU.ActiveCfg = Debug|Any CPU
		{298FA799-B730-4A5B-B0D3-B6193D5E6166}.Debug|Any CPU.Build.0 = Debug|Any CPU
		{298FA799-B730-4A5B-B0D3-B6193D5E6166}.Release|Any CPU.ActiveCfg = Release|Any CPU
		{298FA799-B730-4A5B-B0D3-B6193D5E6166}.Release|Any CPU.Build.0 = Release|Any CPU
		{552E8A26-5D71-4813-8538-A8D4FC543464}.Debug|Any CPU.ActiveCfg = Debug|Any CPU
		{552E8A26-5D71-4813-8538-A8D4FC543464}.Debug|Any CPU.Build.0 = Debug|Any CPU
		{552E8A26-5D71-4813-8538-A8D4FC543464}.Release|Any CPU.ActiveCfg = Release|Any CPU
		{552E8A26-5D71-4813-8538-A8D4FC543464}.Release|Any CPU.Build.0 = Release|Any CPU
		{BAB369C5-424A-4CEC-ACBB-9BB8E2D4FE4A}.Debug|Any CPU.ActiveCfg = Debug|Any CPU
		{BAB369C5-424A-4CEC-ACBB-9BB8E2D4FE4A}.Debug|Any CPU.Build.0 = Debug|Any CPU
		{BAB369C5-424A-4CEC-ACBB-9BB8E2D4FE4A}.Release|Any CPU.ActiveCfg = Release|Any CPU
		{BAB369C5-424A-4CEC-ACBB-9BB8E2D4FE4A}.Release|Any CPU.Build.0 = Release|Any CPU
		{B2F423D1-FD46-4D48-B913-F48017DA9D83}.Debug|Any CPU.ActiveCfg = Debug|Any CPU
		{B2F423D1-FD46-4D48-B913-F48017DA9D83}.Debug|Any CPU.Build.0 = Debug|Any CPU
		{B2F423D1-FD46-4D48-B913-F48017DA9D83}.Release|Any CPU.ActiveCfg = Release|Any CPU
		{B2F423D1-FD46-4D48-B913-F48017DA9D83}.Release|Any CPU.Build.0 = Release|Any CPU
	EndGlobalSection
	GlobalSection(SolutionProperties) = preSolution
		HideSolutionNode = FALSE
	EndGlobalSection
	GlobalSection(ExtensibilityGlobals) = postSolution
		SolutionGuid = {93F2C73A-BD81-4083-9071-7DA4578B6024}
	EndGlobalSection
EndGlobal
